
Microsoft Visual Studio Solution File, Format Version 12.00
# Visual Studio 14
VisualStudioVersion = 14.0.25420.1
MinimumVisualStudioVersion = 10.0.40219.1
Project("{FAE04EC0-301F-11D3-BF4B-00C04F79EFBC}") = "MyD3.Common", "MyD3.Common\MyD3.Common.csproj", "{2D37D183-8306-455D-9D1E-BF0EFD7B36EC}"
EndProject
Project("{FAE04EC0-301F-11D3-BF4B-00C04F79EFBC}") = "MyD3", "MyD3\MyD3.csproj", "{2C449666-4D5D-43FF-9E5C-F25BC37129BE}"
EndProject
Project("{FAE04EC0-301F-11D3-BF4B-00C04F79EFBC}") = "MyD3.Entity", "MyD3.Entity\MyD3.Entity.csproj", "{6CCBC61C-16E0-40DF-9B2F-1EBE8E516749}"
EndProject
Project("{2150E333-8FDC-42A3-9474-1A3956D46DE8}") = "Model", "Model", "{B7EAB719-7A1C-4AF5-AF76-5A54D840C0D2}"
EndProject
Project("{2150E333-8FDC-42A3-9474-1A3956D46DE8}") = "Framework", "Framework", "{719F9861-BEF5-4A2B-BEBE-8D7A6A4532AB}"
EndProject
Project("{2150E333-8FDC-42A3-9474-1A3956D46DE8}") = "Demo", "Demo", "{551F676A-DAD4-4E93-907B-81C9B2D6BC82}"
EndProject
Project("{FAE04EC0-301F-11D3-BF4B-00C04F79EFBC}") = "MyD3.Business.Interface", "MyD3.Business.Interface\MyD3.Business.Interface.csproj", "{78FA39C1-1B72-4D0A-A581-636ECC1D4E02}"
EndProject
Project("{FAE04EC0-301F-11D3-BF4B-00C04F79EFBC}") = "MyD3.Business", "MyD3.Business\MyD3.Business.csproj", "{704DBC9D-7DC8-4282-8404-648D066FF3AA}"
EndProject
Project("{FAE04EC0-301F-11D3-BF4B-00C04F79EFBC}") = "MyD3.Data", "MyD3.Data\MyD3.Data.csproj", "{B8CEDCD7-2868-49F2-8462-5AB59B743A7D}"
EndProject
Project("{2150E333-8FDC-42A3-9474-1A3956D46DE8}") = "Business", "Business", "{5C9DFAA9-624E-4246-BA0D-260DBBDF4A22}"
EndProject
Project("{2150E333-8FDC-42A3-9474-1A3956D46DE8}") = "Data", "Data", "{10F11EAB-3777-4EBF-BE32-8C9201E92D26}"
EndProject
Project("{FAE04EC0-301F-11D3-BF4B-00C04F79EFBC}") = "MyD3.Core", "MyD3.Core\MyD3.Core.csproj", "{049633DA-7481-4F0D-BE53-F66A71E3C73A}"
EndProject
Project("{FAE04EC0-301F-11D3-BF4B-00C04F79EFBC}") = "MyD3.Data.Interface", "MyD3.Data.Interface\MyD3.Data.Interface.csproj", "{851EBCEC-B387-4D1B-8957-07C072925A3D}"
EndProject
Project("{FAE04EC0-301F-11D3-BF4B-00C04F79EFBC}") = "OAuthDemo", "OAuthDemo\OAuthDemo.csproj", "{6D055C85-7BB5-4F04-BFAB-DBC5B7416453}"
EndProject
Global
	GlobalSection(SolutionConfigurationPlatforms) = preSolution
		Debug|Any CPU = Debug|Any CPU
		Release|Any CPU = Release|Any CPU
	EndGlobalSection
	GlobalSection(ProjectConfigurationPlatforms) = postSolution
		{2D37D183-8306-455D-9D1E-BF0EFD7B36EC}.Debug|Any CPU.ActiveCfg = Debug|Any CPU
		{2D37D183-8306-455D-9D1E-BF0EFD7B36EC}.Debug|Any CPU.Build.0 = Debug|Any CPU
		{2D37D183-8306-455D-9D1E-BF0EFD7B36EC}.Release|Any CPU.ActiveCfg = Release|Any CPU
		{2D37D183-8306-455D-9D1E-BF0EFD7B36EC}.Release|Any CPU.Build.0 = Release|Any CPU
		{2C449666-4D5D-43FF-9E5C-F25BC37129BE}.Debug|Any CPU.ActiveCfg = Debug|Any CPU
		{2C449666-4D5D-43FF-9E5C-F25BC37129BE}.Debug|Any CPU.Build.0 = Debug|Any CPU
		{2C449666-4D5D-43FF-9E5C-F25BC37129BE}.Release|Any CPU.ActiveCfg = Release|Any CPU
		{2C449666-4D5D-43FF-9E5C-F25BC37129BE}.Release|Any CPU.Build.0 = Release|Any CPU
		{6CCBC61C-16E0-40DF-9B2F-1EBE8E516749}.Debug|Any CPU.ActiveCfg = Debug|Any CPU
		{6CCBC61C-16E0-40DF-9B2F-1EBE8E516749}.Debug|Any CPU.Build.0 = Debug|Any CPU
		{6CCBC61C-16E0-40DF-9B2F-1EBE8E516749}.Release|Any CPU.ActiveCfg = Release|Any CPU
		{6CCBC61C-16E0-40DF-9B2F-1EBE8E516749}.Release|Any CPU.Build.0 = Release|Any CPU
		{78FA39C1-1B72-4D0A-A581-636ECC1D4E02}.Debug|Any CPU.ActiveCfg = Debug|Any CPU
		{78FA39C1-1B72-4D0A-A581-636ECC1D4E02}.Debug|Any CPU.Build.0 = Debug|Any CPU
		{78FA39C1-1B72-4D0A-A581-636ECC1D4E02}.Release|Any CPU.ActiveCfg = Release|Any CPU
		{78FA39C1-1B72-4D0A-A581-636ECC1D4E02}.Release|Any CPU.Build.0 = Release|Any CPU
		{704DBC9D-7DC8-4282-8404-648D066FF3AA}.Debug|Any CPU.ActiveCfg = Debug|Any CPU
		{704DBC9D-7DC8-4282-8404-648D066FF3AA}.Debug|Any CPU.Build.0 = Debug|Any CPU
		{704DBC9D-7DC8-4282-8404-648D066FF3AA}.Release|Any CPU.ActiveCfg = Release|Any CPU
		{704DBC9D-7DC8-4282-8404-648D066FF3AA}.Release|Any CPU.Build.0 = Release|Any CPU
		{B8CEDCD7-2868-49F2-8462-5AB59B743A7D}.Debug|Any CPU.ActiveCfg = Debug|Any CPU
		{B8CEDCD7-2868-49F2-8462-5AB59B743A7D}.Debug|Any CPU.Build.0 = Debug|Any CPU
		{B8CEDCD7-2868-49F2-8462-5AB59B743A7D}.Release|Any CPU.ActiveCfg = Release|Any CPU
		{B8CEDCD7-2868-49F2-8462-5AB59B743A7D}.Release|Any CPU.Build.0 = Release|Any CPU
		{049633DA-7481-4F0D-BE53-F66A71E3C73A}.Debug|Any CPU.ActiveCfg = Debug|Any CPU
		{049633DA-7481-4F0D-BE53-F66A71E3C73A}.Debug|Any CPU.Build.0 = Debug|Any CPU
		{049633DA-7481-4F0D-BE53-F66A71E3C73A}.Release|Any CPU.ActiveCfg = Release|Any CPU
		{049633DA-7481-4F0D-BE53-F66A71E3C73A}.Release|Any CPU.Build.0 = Release|Any CPU
		{851EBCEC-B387-4D1B-8957-07C072925A3D}.Debug|Any CPU.ActiveCfg = Debug|Any CPU
		{851EBCEC-B387-4D1B-8957-07C072925A3D}.Debug|Any CPU.Build.0 = Debug|Any CPU
		{851EBCEC-B387-4D1B-8957-07C072925A3D}.Release|Any CPU.ActiveCfg = Release|Any CPU
		{851EBCEC-B387-4D1B-8957-07C072925A3D}.Release|Any CPU.Build.0 = Release|Any CPU
		{6D055C85-7BB5-4F04-BFAB-DBC5B7416453}.Debug|Any CPU.ActiveCfg = Debug|Any CPU
		{6D055C85-7BB5-4F04-BFAB-DBC5B7416453}.Debug|Any CPU.Build.0 = Debug|Any CPU
		{6D055C85-7BB5-4F04-BFAB-DBC5B7416453}.Release|Any CPU.ActiveCfg = Release|Any CPU
		{6D055C85-7BB5-4F04-BFAB-DBC5B7416453}.Release|Any CPU.Build.0 = Release|Any CPU
	EndGlobalSection
	GlobalSection(SolutionProperties) = preSolution
		HideSolutionNode = FALSE
	EndGlobalSection
	GlobalSection(NestedProjects) = preSolution
		{2D37D183-8306-455D-9D1E-BF0EFD7B36EC} = {719F9861-BEF5-4A2B-BEBE-8D7A6A4532AB}
		{2C449666-4D5D-43FF-9E5C-F25BC37129BE} = {551F676A-DAD4-4E93-907B-81C9B2D6BC82}
		{6CCBC61C-16E0-40DF-9B2F-1EBE8E516749} = {10F11EAB-3777-4EBF-BE32-8C9201E92D26}
		{78FA39C1-1B72-4D0A-A581-636ECC1D4E02} = {5C9DFAA9-624E-4246-BA0D-260DBBDF4A22}
		{704DBC9D-7DC8-4282-8404-648D066FF3AA} = {5C9DFAA9-624E-4246-BA0D-260DBBDF4A22}
		{B8CEDCD7-2868-49F2-8462-5AB59B743A7D} = {5C9DFAA9-624E-4246-BA0D-260DBBDF4A22}
		{5C9DFAA9-624E-4246-BA0D-260DBBDF4A22} = {B7EAB719-7A1C-4AF5-AF76-5A54D840C0D2}
		{10F11EAB-3777-4EBF-BE32-8C9201E92D26} = {B7EAB719-7A1C-4AF5-AF76-5A54D840C0D2}
		{049633DA-7481-4F0D-BE53-F66A71E3C73A} = {719F9861-BEF5-4A2B-BEBE-8D7A6A4532AB}
		{851EBCEC-B387-4D1B-8957-07C072925A3D} = {5C9DFAA9-624E-4246-BA0D-260DBBDF4A22}
	EndGlobalSection
EndGlobal
